
Microsoft Visual Studio Solution File, Format Version 12.00
# Visual Studio 15
VisualStudioVersion = 15.0.28307.852
MinimumVisualStudioVersion = 10.0.40219.1
Project("{FAE04EC0-301F-11D3-BF4B-00C04F79EFBC}") = "Apteka", "Apteka\Apteka.csproj", "{2C11AEAA-D2D4-4318-BA2B-3E58047137BE}"
EndProject
Global
	GlobalSection(SolutionConfigurationPlatforms) = preSolution
		Debug|Any CPU = Debug|Any CPU
		Release|Any CPU = Release|Any CPU
	EndGlobalSection
	GlobalSection(ProjectConfigurationPlatforms) = postSolution
		{2C11AEAA-D2D4-4318-BA2B-3E58047137BE}.Debug|Any CPU.ActiveCfg = Debug|Any CPU
		{2C11AEAA-D2D4-4318-BA2B-3E58047137BE}.Debug|Any CPU.Build.0 = Debug|Any CPU
		{2C11AEAA-D2D4-4318-BA2B-3E58047137BE}.Release|Any CPU.ActiveCfg = Release|Any CPU
		{2C11AEAA-D2D4-4318-BA2B-3E58047137BE}.Release|Any CPU.Build.0 = Release|Any CPU
	EndGlobalSection
	GlobalSection(SolutionProperties) = preSolution
		HideSolutionNode = FALSE
	EndGlobalSection
	GlobalSection(ExtensibilityGlobals) = postSolution
		SolutionGuid = {DB76CC00-0D7E-483C-8507-811BD0DDE793}
	EndGlobalSection
EndGlobal
